
Microsoft Visual Studio Solution File, Format Version 12.00
# Visual Studio Version 17
VisualStudioVersion = 17.7.34031.279
MinimumVisualStudioVersion = 10.0.40219.1
Project("{FAE04EC0-301F-11D3-BF4B-00C04F79EFBC}") = "SkillFactory#3", "SkillFactory#3\SkillFactory#3.csproj", "{F4808C05-6444-4684-9046-7438B3D894B4}"
EndProject
Global
	GlobalSection(SolutionConfigurationPlatforms) = preSolution
		Debug|Any CPU = Debug|Any CPU
		Release|Any CPU = Release|Any CPU
	EndGlobalSection
	GlobalSection(ProjectConfigurationPlatforms) = postSolution
		{F4808C05-6444-4684-9046-7438B3D894B4}.Debug|Any CPU.ActiveCfg = Debug|Any CPU
		{F4808C05-6444-4684-9046-7438B3D894B4}.Debug|Any CPU.Build.0 = Debug|Any CPU
		{F4808C05-6444-4684-9046-7438B3D894B4}.Release|Any CPU.ActiveCfg = Release|Any CPU
		{F4808C05-6444-4684-9046-7438B3D894B4}.Release|Any CPU.Build.0 = Release|Any CPU
	EndGlobalSection
	GlobalSection(SolutionProperties) = preSolution
		HideSolutionNode = FALSE
	EndGlobalSection
	GlobalSection(ExtensibilityGlobals) = postSolution
		SolutionGuid = {ECB24A78-F702-4845-8999-C57555C640B3}
	EndGlobalSection
EndGlobal
